<?xml version="1.0" encoding="UTF-8" standalone="yes" ?>
<CodeBlocks_project_file>
	<FileVersion major="1" minor="6" />
	<Project>
		<Option title="ranking_svm_test" />
		<Option pch_mode="2" />
		<Option compiler="gcc" />
		<Build>
			<Target title="Debug">
				<Option output="bin/Debug/ranking_svm_test" prefix_auto="1" extension_auto="1" />
				<Option object_output="obj/Debug/" />
				<Option type="1" />
				<Option compiler="gcc" />
				<Compiler>
					<Add option="-g" />
				</Compiler>
			</Target>
			<Target title="Release">
				<Option output="bin/Release/ranking_svm_test" prefix_auto="1" extension_auto="1" />
				<Option object_output="obj/Release/" />
				<Option type="1" />
				<Option compiler="gcc" />
				<Compiler>
					<Add option="-O2" />
				</Compiler>
				<Linker>
					<Add option="-s" />
				</Linker>
			</Target>
		</Build>
		<Compiler>
			<Add option="-Wall" />
		</Compiler>
		<Unit filename="svm_extra/pr_loqo.c">
			<Option compilerVar="CC" />
		</Unit>
		<Unit filename="svm_extra/pr_loqo.h" />
		<Unit filename="svm_extra/svm_struct_api.c">
			<Option compilerVar="CC" />
		</Unit>
		<Unit filename="svm_extra/svm_struct_api.h" />
		<Unit filename="svm_extra/svm_struct_api_types.h" />
		<Unit filename="svm_extra/svm_struct_learn_custom.c">
			<Option compilerVar="CC" />
		</Unit>
		<Unit filename="svm_light/kernel.h" />
		<Unit filename="svm_light/svm_common.c">
			<Option compilerVar="CC" />
		</Unit>
		<Unit filename="svm_light/svm_common.h" />
		<Unit filename="svm_light/svm_learn.c">
			<Option compilerVar="CC" />
		</Unit>
		<Unit filename="svm_light/svm_learn.h" />
		<Unit filename="svm_light/svm_loqo.c">
			<Option compilerVar="CC" />
		</Unit>
		<Unit filename="svm_struct/svm_struct_common.c">
			<Option compilerVar="CC" />
		</Unit>
		<Unit filename="svm_struct/svm_struct_common.h" />
		<Unit filename="svm_struct/svm_struct_learn.c">
			<Option compilerVar="CC" />
		</Unit>
		<Unit filename="svm_struct/svm_struct_learn.h" />
		<Unit filename="test_main.c">
			<Option compilerVar="CC" />
		</Unit>
		<Unit filename="train_struct_main.c">
			<Option compilerVar="CC" />
		</Unit>
		<Extensions>
			<code_completion />
			<envvars />
			<debugger />
			<lib_finder disable_auto="1" />
		</Extensions>
	</Project>
</CodeBlocks_project_file>
